// !$*UTF8*$!
{
	archiveVersion = 1;
	classes = {
	};
	objectVersion = 55;
	objects = {

/* Begin PBXBuildFile section */
		B404716B27F1A69B00875833 /* WelcomePage.swift in Sources */ = {isa = PBXBuildFile; fileRef = B404716A27F1A69B00875833 /* WelcomePage.swift */; };
		B485859727F9DA45007A4593 /* ForgotPasswordPage.swift in Sources */ = {isa = PBXBuildFile; fileRef = B485859627F9DA45007A4593 /* ForgotPasswordPage.swift */; };
		B485859927F9ED8A007A4593 /* Extensions.swift in Sources */ = {isa = PBXBuildFile; fileRef = B485859827F9ED8A007A4593 /* Extensions.swift */; };
		B485859B27FB17A1007A4593 /* EmailUI.swift in Sources */ = {isa = PBXBuildFile; fileRef = B485859A27FB17A1007A4593 /* EmailUI.swift */; };
		B4DD68E327EB24DD002CACDF /* SEN4992App.swift in Sources */ = {isa = PBXBuildFile; fileRef = B4DD68E227EB24DD002CACDF /* SEN4992App.swift */; };
		B4DD68E527EB24DD002CACDF /* ContentView.swift in Sources */ = {isa = PBXBuildFile; fileRef = B4DD68E427EB24DD002CACDF /* ContentView.swift */; };
		B4DD68E727EB24DF002CACDF /* Assets.xcassets in Resources */ = {isa = PBXBuildFile; fileRef = B4DD68E627EB24DF002CACDF /* Assets.xcassets */; };
		B4DD68EA27EB24DF002CACDF /* Preview Assets.xcassets in Resources */ = {isa = PBXBuildFile; fileRef = B4DD68E927EB24DF002CACDF /* Preview Assets.xcassets */; };
		B4DD68EC27EB24DF002CACDF /* Persistence.swift in Sources */ = {isa = PBXBuildFile; fileRef = B4DD68EB27EB24DF002CACDF /* Persistence.swift */; };
		B4DD68EF27EB24DF002CACDF /* SEN4992.xcdatamodeld in Sources */ = {isa = PBXBuildFile; fileRef = B4DD68ED27EB24DF002CACDF /* SEN4992.xcdatamodeld */; };
		B4DD68F627EB27B3002CACDF /* LogInPage.swift in Sources */ = {isa = PBXBuildFile; fileRef = B4DD68F527EB27B3002CACDF /* LogInPage.swift */; };
/* End PBXBuildFile section */

/* Begin PBXFileReference section */
		B404716A27F1A69B00875833 /* WelcomePage.swift */ = {isa = PBXFileReference; lastKnownFileType = sourcecode.swift; path = WelcomePage.swift; sourceTree = "<group>"; };
		B485859627F9DA45007A4593 /* ForgotPasswordPage.swift */ = {isa = PBXFileReference; lastKnownFileType = sourcecode.swift; path = ForgotPasswordPage.swift; sourceTree = "<group>"; };
		B485859827F9ED8A007A4593 /* Extensions.swift */ = {isa = PBXFileReference; lastKnownFileType = sourcecode.swift; path = Extensions.swift; sourceTree = "<group>"; };
		B485859A27FB17A1007A4593 /* EmailUI.swift */ = {isa = PBXFileReference; lastKnownFileType = sourcecode.swift; path = EmailUI.swift; sourceTree = "<group>"; };
		B4DD68DF27EB24DD002CACDF /* SEN4992.app */ = {isa = PBXFileReference; explicitFileType = wrapper.application; includeInIndex = 0; path = SEN4992.app; sourceTree = BUILT_PRODUCTS_DIR; };
		B4DD68E227EB24DD002CACDF /* SEN4992App.swift */ = {isa = PBXFileReference; lastKnownFileType = sourcecode.swift; path = SEN4992App.swift; sourceTree = "<group>"; };
		B4DD68E427EB24DD002CACDF /* ContentView.swift */ = {isa = PBXFileReference; lastKnownFileType = sourcecode.swift; path = ContentView.swift; sourceTree = "<group>"; };
		B4DD68E627EB24DF002CACDF /* Assets.xcassets */ = {isa = PBXFileReference; lastKnownFileType = folder.assetcatalog; path = Assets.xcassets; sourceTree = "<group>"; };
		B4DD68E927EB24DF002CACDF /* Preview Assets.xcassets */ = {isa = PBXFileReference; lastKnownFileType = folder.assetcatalog; path = "Preview Assets.xcassets"; sourceTree = "<group>"; };
		B4DD68EB27EB24DF002CACDF /* Persistence.swift */ = {isa = PBXFileReference; lastKnownFileType = sourcecode.swift; path = Persistence.swift; sourceTree = "<group>"; };
		B4DD68EE27EB24DF002CACDF /* SEN4992.xcdatamodel */ = {isa = PBXFileReference; lastKnownFileType = wrapper.xcdatamodel; path = SEN4992.xcdatamodel; sourceTree = "<group>"; };
		B4DD68F527EB27B3002CACDF /* LogInPage.swift */ = {isa = PBXFileReference; lastKnownFileType = sourcecode.swift; path = LogInPage.swift; sourceTree = "<group>"; };
/* End PBXFileReference section */

/* Begin PBXFrameworksBuildPhase section */
		B4DD68DC27EB24DD002CACDF /* Frameworks */ = {
			isa = PBXFrameworksBuildPhase;
			buildActionMask = 2147483647;
			files = (
			);
			runOnlyForDeploymentPostprocessing = 0;
		};
/* End PBXFrameworksBuildPhase section */

/* Begin PBXGroup section */
		B4DD68D627EB24DD002CACDF = {
			isa = PBXGroup;
			children = (
				B4DD68E127EB24DD002CACDF /* SEN4992 */,
				B4DD68E027EB24DD002CACDF /* Products */,
			);
			sourceTree = "<group>";
		};
		B4DD68E027EB24DD002CACDF /* Products */ = {
			isa = PBXGroup;
			children = (
				B4DD68DF27EB24DD002CACDF /* SEN4992.app */,
			);
			name = Products;
			sourceTree = "<group>";
		};
		B4DD68E127EB24DD002CACDF /* SEN4992 */ = {
			isa = PBXGroup;
			children = (
				B4DD68E227EB24DD002CACDF /* SEN4992App.swift */,
				B4DD68E427EB24DD002CACDF /* ContentView.swift */,
				B485859827F9ED8A007A4593 /* Extensions.swift */,
				B4DD68F727EB27BA002CACDF /* Pages */,
				B4DD68E627EB24DF002CACDF /* Assets.xcassets */,
				B4DD68EB27EB24DF002CACDF /* Persistence.swift */,
				B4DD68ED27EB24DF002CACDF /* SEN4992.xcdatamodeld */,
				B4DD68E827EB24DF002CACDF /* Preview Content */,
				B485859A27FB17A1007A4593 /* EmailUI.swift */,
			);
			path = SEN4992;
			sourceTree = "<group>";
		};
		B4DD68E827EB24DF002CACDF /* Preview Content */ = {
			isa = PBXGroup;
			children = (
				B4DD68E927EB24DF002CACDF /* Preview Assets.xcassets */,
			);
			path = "Preview Content";
			sourceTree = "<group>";
		};
		B4DD68F727EB27BA002CACDF /* Pages */ = {
			isa = PBXGroup;
			children = (
				B4DD68F527EB27B3002CACDF /* LogInPage.swift */,
				B404716A27F1A69B00875833 /* WelcomePage.swift */,
				B485859627F9DA45007A4593 /* ForgotPasswordPage.swift */,
			);
			path = Pages;
			sourceTree = "<group>";
		};
/* End PBXGroup section */

/* Begin PBXNativeTarget section */
		B4DD68DE27EB24DD002CACDF /* SEN4992 */ = {
			isa = PBXNativeTarget;
			buildConfigurationList = B4DD68F227EB24DF002CACDF /* Build configuration list for PBXNativeTarget "SEN4992" */;
			buildPhases = (
				B4DD68DB27EB24DD002CACDF /* Sources */,
				B4DD68DC27EB24DD002CACDF /* Frameworks */,
				B4DD68DD27EB24DD002CACDF /* Resources */,
			);
			buildRules = (
			);
			dependencies = (
			);
			name = SEN4992;
			productName = SEN4992;
			productReference = B4DD68DF27EB24DD002CACDF /* SEN4992.app */;
			productType = "com.apple.product-type.application";
		};
/* End PBXNativeTarget section */

/* Begin PBXProject section */
		B4DD68D727EB24DD002CACDF /* Project object */ = {
			isa = PBXProject;
			attributes = {
				BuildIndependentTargetsInParallel = 1;
				LastSwiftUpdateCheck = 1320;
				LastUpgradeCheck = 1320;
				TargetAttributes = {
					B4DD68DE27EB24DD002CACDF = {
						CreatedOnToolsVersion = 13.2.1;
					};
				};
			};
			buildConfigurationList = B4DD68DA27EB24DD002CACDF /* Build configuration list for PBXProject "SEN4992" */;
			compatibilityVersion = "Xcode 13.0";
			developmentRegion = en;
			hasScannedForEncodings = 0;
			knownRegions = (
				en,
				Base,
			);
			mainGroup = B4DD68D627EB24DD002CACDF;
			productRefGroup = B4DD68E027EB24DD002CACDF /* Products */;
			projectDirPath = "";
			projectRoot = "";
			targets = (
				B4DD68DE27EB24DD002CACDF /* SEN4992 */,
			);
		};
/* End PBXProject section */

/* Begin PBXResourcesBuildPhase section */
		B4DD68DD27EB24DD002CACDF /* Resources */ = {
			isa = PBXResourcesBuildPhase;
			buildActionMask = 2147483647;
			files = (
				B4DD68EA27EB24DF002CACDF /* Preview Assets.xcassets in Resources */,
				B4DD68E727EB24DF002CACDF /* Assets.xcassets in Resources */,
			);
			runOnlyForDeploymentPostprocessing = 0;
		};
/* End PBXResourcesBuildPhase section */

/* Begin PBXSourcesBuildPhase section */
		B4DD68DB27EB24DD002CACDF /* Sources */ = {
			isa = PBXSourcesBuildPhase;
			buildActionMask = 2147483647;
			files = (
				B4DD68F627EB27B3002CACDF /* LogInPage.swift in Sources */,
				B4DD68EC27EB24DF002CACDF /* Persistence.swift in Sources */,
				B4DD68E527EB24DD002CACDF /* ContentView.swift in Sources */,
				B485859B27FB17A1007A4593 /* EmailUI.swift in Sources */,
				B485859927F9ED8A007A4593 /* Extensions.swift in Sources */,
				B485859727F9DA45007A4593 /* ForgotPasswordPage.swift in Sources */,
				B404716B27F1A69B00875833 /* WelcomePage.swift in Sources */,
				B4DD68EF27EB24DF002CACDF /* SEN4992.xcdatamodeld in Sources */,
				B4DD68E327EB24DD002CACDF /* SEN4992App.swift in Sources */,
			);
			runOnlyForDeploymentPostprocessing = 0;
		};
/* End PBXSourcesBuildPhase section */

/* Begin XCBuildConfiguration section */
		B4DD68F027EB24DF002CACDF /* Debug */ = {
			isa = XCBuildConfiguration;
			buildSettings = {
				ALWAYS_SEARCH_USER_PATHS = NO;
				CLANG_ANALYZER_NONNULL = YES;
				CLANG_ANALYZER_NUMBER_OBJECT_CONVERSION = YES_AGGRESSIVE;
				CLANG_CXX_LANGUAGE_STANDARD = "gnu++17";
				CLANG_CXX_LIBRARY = "libc++";
				CLANG_ENABLE_MODULES = YES;
				CLANG_ENABLE_OBJC_ARC = YES;
				CLANG_ENABLE_OBJC_WEAK = YES;
				CLANG_WARN_BLOCK_CAPTURE_AUTORELEASING = YES;
				CLANG_WARN_BOOL_CONVERSION = YES;
				CLANG_WARN_COMMA = YES;
				CLANG_WARN_CONSTANT_CONVERSION = YES;
				CLANG_WARN_DEPRECATED_OBJC_IMPLEMENTATIONS = YES;
				CLANG_WARN_DIRECT_OBJC_ISA_USAGE = YES_ERROR;
				CLANG_WARN_DOCUMENTATION_COMMENTS = YES;
				CLANG_WARN_EMPTY_BODY = YES;
				CLANG_WARN_ENUM_CONVERSION = YES;
				CLANG_WARN_INFINITE_RECURSION = YES;
				CLANG_WARN_INT_CONVERSION = YES;
				CLANG_WARN_NON_LITERAL_NULL_CONVERSION = YES;
				CLANG_WARN_OBJC_IMPLICIT_RETAIN_SELF = YES;
				CLANG_WARN_OBJC_LITERAL_CONVERSION = YES;
				CLANG_WARN_OBJC_ROOT_CLASS = YES_ERROR;
				CLANG_WARN_QUOTED_INCLUDE_IN_FRAMEWORK_HEADER = YES;
				CLANG_WARN_RANGE_LOOP_ANALYSIS = YES;
				CLANG_WARN_STRICT_PROTOTYPES = YES;
				CLANG_WARN_SUSPICIOUS_MOVE = YES;
				CLANG_WARN_UNGUARDED_AVAILABILITY = YES_AGGRESSIVE;
				CLANG_WARN_UNREACHABLE_CODE = YES;
				CLANG_WARN__DUPLICATE_METHOD_MATCH = YES;
				COPY_PHASE_STRIP = NO;
				DEBUG_INFORMATION_FORMAT = dwarf;
				ENABLE_STRICT_OBJC_MSGSEND = YES;
				ENABLE_TESTABILITY = YES;
				GCC_C_LANGUAGE_STANDARD = gnu11;
				GCC_DYNAMIC_NO_PIC = NO;
				GCC_NO_COMMON_BLOCKS = YES;
				GCC_OPTIMIZATION_LEVEL = 0;
				GCC_PREPROCESSOR_DEFINITIONS = (
					"DEBUG=1",
					"$(inherited)",
				);
				GCC_WARN_64_TO_32_BIT_CONVERSION = YES;
				GCC_WARN_ABOUT_RETURN_TYPE = YES_ERROR;
				GCC_WARN_UNDECLARED_SELECTOR = YES;
				GCC_WARN_UNINITIALIZED_AUTOS = YES_AGGRESSIVE;
				GCC_WARN_UNUSED_FUNCTION = YES;
				GCC_WARN_UNUSED_VARIABLE = YES;
				IPHONEOS_DEPLOYMENT_TARGET = 15.0;
				MTL_ENABLE_DEBUG_INFO = INCLUDE_SOURCE;
				MTL_FAST_MATH = YES;
				ONLY_ACTIVE_ARCH = YES;
				SDKROOT = iphoneos;
				SWIFT_ACTIVE_COMPILATION_CONDITIONS = DEBUG;
				SWIFT_OPTIMIZATION_LEVEL = "-Onone";
			};
			name = Debug;
		};
		B4DD68F127EB24DF002CACDF /* Release */ = {
			isa = XCBuildConfiguration;
			buildSettings = {
				ALWAYS_SEARCH_USER_PATHS = NO;
				CLANG_ANALYZER_NONNULL = YES;
				CLANG_ANALYZER_NUMBER_OBJECT_CONVERSION = YES_AGGRESSIVE;
				CLANG_CXX_LANGUAGE_STANDARD = "gnu++17";
				CLANG_CXX_LIBRARY = "libc++";
				CLANG_ENABLE_MODULES = YES;
				CLANG_ENABLE_OBJC_ARC = YES;
				CLANG_ENABLE_OBJC_WEAK = YES;
				CLANG_WARN_BLOCK_CAPTURE_AUTORELEASING = YES;
				CLANG_WARN_BOOL_CONVERSION = YES;
				CLANG_WARN_COMMA = YES;
				CLANG_WARN_CONSTANT_CONVERSION = YES;
				CLANG_WARN_DEPRECATED_OBJC_IMPLEMENTATIONS = YES;
				CLANG_WARN_DIRECT_OBJC_ISA_USAGE = YES_ERROR;
				CLANG_WARN_DOCUMENTATION_COMMENTS = YES;
				CLANG_WARN_EMPTY_BODY = YES;
				CLANG_WARN_ENUM_CONVERSION = YES;
				CLANG_WARN_INFINITE_RECURSION = YES;
				CLANG_WARN_INT_CONVERSION = YES;
				CLANG_WARN_NON_LITERAL_NULL_CONVERSION = YES;
				CLANG_WARN_OBJC_IMPLICIT_RETAIN_SELF = YES;
				CLANG_WARN_OBJC_LITERAL_CONVERSION = YES;
				CLANG_WARN_OBJC_ROOT_CLASS = YES_ERROR;
				CLANG_WARN_QUOTED_INCLUDE_IN_FRAMEWORK_HEADER = YES;
				CLANG_WARN_RANGE_LOOP_ANALYSIS = YES;
				CLANG_WARN_STRICT_PROTOTYPES = YES;
				CLANG_WARN_SUSPICIOUS_MOVE = YES;
				CLANG_WARN_UNGUARDED_AVAILABILITY = YES_AGGRESSIVE;
				CLANG_WARN_UNREACHABLE_CODE = YES;
				CLANG_WARN__DUPLICATE_METHOD_MATCH = YES;
				COPY_PHASE_STRIP = NO;
				DEBUG_INFORMATION_FORMAT = "dwarf-with-dsym";
				ENABLE_NS_ASSERTIONS = NO;
				ENABLE_STRICT_OBJC_MSGSEND = YES;
				GCC_C_LANGUAGE_STANDARD = gnu11;
				GCC_NO_COMMON_BLOCKS = YES;
				GCC_WARN_64_TO_32_BIT_CONVERSION = YES;
				GCC_WARN_ABOUT_RETURN_TYPE = YES_ERROR;
				GCC_WARN_UNDECLARED_SELECTOR = YES;
				GCC_WARN_UNINITIALIZED_AUTOS = YES_AGGRESSIVE;
				GCC_WARN_UNUSED_FUNCTION = YES;
				GCC_WARN_UNUSED_VARIABLE = YES;
				IPHONEOS_DEPLOYMENT_TARGET = 15.0;
				MTL_ENABLE_DEBUG_INFO = NO;
				MTL_FAST_MATH = YES;
				SDKROOT = iphoneos;
				SWIFT_COMPILATION_MODE = wholemodule;
				SWIFT_OPTIMIZATION_LEVEL = "-O";
				VALIDATE_PRODUCT = YES;
			};
			name = Release;
		};
		B4DD68F327EB24DF002CACDF /* Debug */ = {
			isa = XCBuildConfiguration;
			buildSettings = {
				ASSETCATALOG_COMPILER_APPICON_NAME = AppIcon;
				ASSETCATALOG_COMPILER_GLOBAL_ACCENT_COLOR_NAME = AccentColor;
				CODE_SIGN_STYLE = Automatic;
				CURRENT_PROJECT_VERSION = 1;
				DEVELOPMENT_ASSET_PATHS = "\"SEN4992/Preview Content\"";
				DEVELOPMENT_TEAM = 94FYN8Y368;
				ENABLE_PREVIEWS = YES;
				GENERATE_INFOPLIST_FILE = YES;
				INFOPLIST_KEY_UIApplicationSceneManifest_Generation = YES;
				INFOPLIST_KEY_UIApplicationSupportsIndirectInputEvents = YES;
				INFOPLIST_KEY_UILaunchScreen_Generation = YES;
				INFOPLIST_KEY_UISupportedInterfaceOrientations_iPad = "UIInterfaceOrientationPortrait UIInterfaceOrientationPortraitUpsideDown UIInterfaceOrientationLandscapeLeft UIInterfaceOrientationLandscapeRight";
				INFOPLIST_KEY_UISupportedInterfaceOrientations_iPhone = "UIInterfaceOrientationPortrait UIInterfaceOrientationLandscapeLeft UIInterfaceOrientationLandscapeRight";
				IPHONEOS_DEPLOYMENT_TARGET = 15.0;
				LD_RUNPATH_SEARCH_PATHS = (
					"$(inherited)",
					"@executable_path/Frameworks",
				);
				MARKETING_VERSION = 1.0;
				PRODUCT_BUNDLE_IDENTIFIER = com.oguzkaya.SEN4992;
				PRODUCT_NAME = "$(TARGET_NAME)";
				SWIFT_EMIT_LOC_STRINGS = YES;
				SWIFT_VERSION = 5.0;
				TARGETED_DEVICE_FAMILY = "1,2";
			};
			name = Debug;
		};
		B4DD68F427EB24DF002CACDF /* Release */ = {
			isa = XCBuildConfiguration;
			buildSettings = {
				ASSETCATALOG_COMPILER_APPICON_NAME = AppIcon;
				ASSETCATALOG_COMPILER_GLOBAL_ACCENT_COLOR_NAME = AccentColor;
				CODE_SIGN_STYLE = Automatic;
				CURRENT_PROJECT_VERSION = 1;
				DEVELOPMENT_ASSET_PATHS = "\"SEN4992/Preview Content\"";
				DEVELOPMENT_TEAM = 94FYN8Y368;
				ENABLE_PREVIEWS = YES;
				GENERATE_INFOPLIST_FILE = YES;
				INFOPLIST_KEY_UIApplicationSceneManifest_Generation = YES;
				INFOPLIST_KEY_UIApplicationSupportsIndirectInputEvents = YES;
				INFOPLIST_KEY_UILaunchScreen_Generation = YES;
				INFOPLIST_KEY_UISupportedInterfaceOrientations_iPad = "UIInterfaceOrientationPortrait UIInterfaceOrientationPortraitUpsideDown UIInterfaceOrientationLandscapeLeft UIInterfaceOrientationLandscapeRight";
				INFOPLIST_KEY_UISupportedInterfaceOrientations_iPhone = "UIInterfaceOrientationPortrait UIInterfaceOrientationLandscapeLeft UIInterfaceOrientationLandscapeRight";
				IPHONEOS_DEPLOYMENT_TARGET = 15.0;
				LD_RUNPATH_SEARCH_PATHS = (
					"$(inherited)",
					"@executable_path/Frameworks",
				);
				MARKETING_VERSION = 1.0;
				PRODUCT_BUNDLE_IDENTIFIER = com.oguzkaya.SEN4992;
				PRODUCT_NAME = "$(TARGET_NAME)";
				SWIFT_EMIT_LOC_STRINGS = YES;
				SWIFT_VERSION = 5.0;
				TARGETED_DEVICE_FAMILY = "1,2";
			};
			name = Release;
		};
/* End XCBuildConfiguration section */

/* Begin XCConfigurationList section */
		B4DD68DA27EB24DD002CACDF /* Build configuration list for PBXProject "SEN4992" */ = {
			isa = XCConfigurationList;
			buildConfigurations = (
				B4DD68F027EB24DF002CACDF /* Debug */,
				B4DD68F127EB24DF002CACDF /* Release */,
			);
			defaultConfigurationIsVisible = 0;
			defaultConfigurationName = Release;
		};
		B4DD68F227EB24DF002CACDF /* Build configuration list for PBXNativeTarget "SEN4992" */ = {
			isa = XCConfigurationList;
			buildConfigurations = (
				B4DD68F327EB24DF002CACDF /* Debug */,
				B4DD68F427EB24DF002CACDF /* Release */,
			);
			defaultConfigurationIsVisible = 0;
			defaultConfigurationName = Release;
		};
/* End XCConfigurationList section */

/* Begin XCVersionGroup section */
		B4DD68ED27EB24DF002CACDF /* SEN4992.xcdatamodeld */ = {
			isa = XCVersionGroup;
			children = (
				B4DD68EE27EB24DF002CACDF /* SEN4992.xcdatamodel */,
			);
			currentVersion = B4DD68EE27EB24DF002CACDF /* SEN4992.xcdatamodel */;
			path = SEN4992.xcdatamodeld;
			sourceTree = "<group>";
			versionGroupType = wrapper.xcdatamodel;
		};
/* End XCVersionGroup section */
	};
	rootObject = B4DD68D727EB24DD002CACDF /* Project object */;
}
